{
  "name": "cs2-inventory-extension",
  "version": "0.0.1",
  "lockfileVersion": 3,
  "requires": true,
  "packages": {
    "": {
      "name": "cs2-inventory-extension",
      "version": "0.0.1",
      "devDependencies": {
        "@types/firefox-webext-browser": "^120.0.3"
      }
    },
    "node_modules/@types/firefox-webext-browser": {
      "version": "120.0.3",
      "resolved": "https://registry.npmjs.org/@types/firefox-webext-browser/-/firefox-webext-browser-120.0.3.tgz",
      "integrity": "sha512-APbBSxOvFMbKwXy/4YrEVa5Di6N0C9yl4w0WA0xzdkOrChAfPQ/KlcC8QLyhemHCHpF1CB/zHy52+oUQurViOg==",
      "dev": true
    }
  }
}
